
Microsoft Visual Studio Solution File, Format Version 12.00
# Visual Studio Version 17
VisualStudioVersion = 17.1.32228.430
MinimumVisualStudioVersion = 10.0.40219.1
Project("{9A19103F-16F7-4668-BE54-9A1E7A4F7556}") = "ServiceRegistryModules.Core", "ServiceRegistryModules.Core\ServiceRegistryModules.Core.csproj", "{729ADC96-D13E-4149-BEFE-43A866121A92}"
EndProject
Project("{9A19103F-16F7-4668-BE54-9A1E7A4F7556}") = "ServiceRegistryModules.AspNetCore", "ServiceRegistryModules.AspNetCore\ServiceRegistryModules.AspNetCore.csproj", "{521E87F4-4596-431D-86D9-99E2FF4F2699}"
EndProject
Project("{9A19103F-16F7-4668-BE54-9A1E7A4F7556}") = "ServiceRegistryModules.Abstractions", "ServiceRegistryModules.Abstractions\ServiceRegistryModules.Abstractions.csproj", "{F273D70A-65C0-4CA2-ADEE-1F3AF73998EB}"
EndProject
Project("{2150E333-8FDC-42A3-9474-1A3956D46DE8}") = "Tests", "Tests", "{B7FC3187-2637-4E70-A3F5-5A72B24A12D8}"
	ProjectSection(SolutionItems) = preProject
		..\test\.editorconfig = ..\test\.editorconfig
	EndProjectSection
EndProject
Project("{9A19103F-16F7-4668-BE54-9A1E7A4F7556}") = "ServiceRegistryModules.Core.Internal.Tests", "..\test\ServiceRegistryModules.Core.Internal.Tests\ServiceRegistryModules.Core.Internal.Tests.csproj", "{B8204E7E-F657-469D-BAAA-E7B85E801485}"
EndProject
Project("{9A19103F-16F7-4668-BE54-9A1E7A4F7556}") = "ServiceRegistryModules.Core.Tests", "..\test\ServiceRegistryModules.Core.Tests\ServiceRegistryModules.Core.Tests.csproj", "{E83120C2-2C07-4608-8390-1CB789E365C8}"
EndProject
Project("{2150E333-8FDC-42A3-9474-1A3956D46DE8}") = "SampleProjects", "SampleProjects", "{71AD3E22-C741-440C-BE37-F57637093CAB}"
EndProject
Project("{9A19103F-16F7-4668-BE54-9A1E7A4F7556}") = "TestSamples1", "..\test\SampleProjects\TestSamples1\TestSamples1.csproj", "{51C59821-D546-4B60-BB41-1D67FDE931A8}"
EndProject
Project("{9A19103F-16F7-4668-BE54-9A1E7A4F7556}") = "TestSamples2", "..\test\SampleProjects\TestSamples2\TestSamples2.csproj", "{E3585E40-3EFD-4AC8-B921-C2DCA3436491}"
EndProject
Project("{9A19103F-16F7-4668-BE54-9A1E7A4F7556}") = "ServiceRegistryModules.AspNetCore.Tests", "..\test\ServiceRegistryModules.AspNetCore.Tests\ServiceRegistryModules.AspNetCore.Tests.csproj", "{1B0F0FE5-4D1A-4440-81AD-4FBC94B9AADC}"
EndProject
Project("{FAE04EC0-301F-11D3-BF4B-00C04F79EFBC}") = "TestSamples4", "..\test\SampleProjects\TestSamples4\TestSamples4.csproj", "{D867B92B-AC13-4218-99EC-E80B0D770250}"
EndProject
Project("{9A19103F-16F7-4668-BE54-9A1E7A4F7556}") = "UnreferencedTestSamples", "..\test\SampleProjects\UnreferencedTestSamples\UnreferencedTestSamples.csproj", "{26E4285F-84DA-46B6-8750-9C01D25FF453}"
EndProject
Project("{2150E333-8FDC-42A3-9474-1A3956D46DE8}") = "Solution Items", "Solution Items", "{8EC462FD-D22E-90A8-E5CE-7E832BA40C5D}"
	ProjectSection(SolutionItems) = preProject
		..\.editorconfig = ..\.editorconfig
		..\Directory.Build.props = ..\Directory.Build.props
	EndProjectSection
EndProject
Global
	GlobalSection(SolutionConfigurationPlatforms) = preSolution
		Debug|Any CPU = Debug|Any CPU
		Release|Any CPU = Release|Any CPU
	EndGlobalSection
	GlobalSection(ProjectConfigurationPlatforms) = postSolution
		{729ADC96-D13E-4149-BEFE-43A866121A92}.Debug|Any CPU.ActiveCfg = Debug|Any CPU
		{729ADC96-D13E-4149-BEFE-43A866121A92}.Debug|Any CPU.Build.0 = Debug|Any CPU
		{729ADC96-D13E-4149-BEFE-43A866121A92}.Release|Any CPU.ActiveCfg = Release|Any CPU
		{729ADC96-D13E-4149-BEFE-43A866121A92}.Release|Any CPU.Build.0 = Release|Any CPU
		{521E87F4-4596-431D-86D9-99E2FF4F2699}.Debug|Any CPU.ActiveCfg = Debug|Any CPU
		{521E87F4-4596-431D-86D9-99E2FF4F2699}.Debug|Any CPU.Build.0 = Debug|Any CPU
		{521E87F4-4596-431D-86D9-99E2FF4F2699}.Release|Any CPU.ActiveCfg = Release|Any CPU
		{521E87F4-4596-431D-86D9-99E2FF4F2699}.Release|Any CPU.Build.0 = Release|Any CPU
		{F273D70A-65C0-4CA2-ADEE-1F3AF73998EB}.Debug|Any CPU.ActiveCfg = Debug|Any CPU
		{F273D70A-65C0-4CA2-ADEE-1F3AF73998EB}.Debug|Any CPU.Build.0 = Debug|Any CPU
		{F273D70A-65C0-4CA2-ADEE-1F3AF73998EB}.Release|Any CPU.ActiveCfg = Release|Any CPU
		{F273D70A-65C0-4CA2-ADEE-1F3AF73998EB}.Release|Any CPU.Build.0 = Release|Any CPU
		{B8204E7E-F657-469D-BAAA-E7B85E801485}.Debug|Any CPU.ActiveCfg = Debug|Any CPU
		{B8204E7E-F657-469D-BAAA-E7B85E801485}.Debug|Any CPU.Build.0 = Debug|Any CPU
		{B8204E7E-F657-469D-BAAA-E7B85E801485}.Release|Any CPU.ActiveCfg = Release|Any CPU
		{B8204E7E-F657-469D-BAAA-E7B85E801485}.Release|Any CPU.Build.0 = Release|Any CPU
		{E83120C2-2C07-4608-8390-1CB789E365C8}.Debug|Any CPU.ActiveCfg = Debug|Any CPU
		{E83120C2-2C07-4608-8390-1CB789E365C8}.Debug|Any CPU.Build.0 = Debug|Any CPU
		{E83120C2-2C07-4608-8390-1CB789E365C8}.Release|Any CPU.ActiveCfg = Release|Any CPU
		{E83120C2-2C07-4608-8390-1CB789E365C8}.Release|Any CPU.Build.0 = Release|Any CPU
		{51C59821-D546-4B60-BB41-1D67FDE931A8}.Debug|Any CPU.ActiveCfg = Debug|Any CPU
		{51C59821-D546-4B60-BB41-1D67FDE931A8}.Debug|Any CPU.Build.0 = Debug|Any CPU
		{51C59821-D546-4B60-BB41-1D67FDE931A8}.Release|Any CPU.ActiveCfg = Release|Any CPU
		{51C59821-D546-4B60-BB41-1D67FDE931A8}.Release|Any CPU.Build.0 = Release|Any CPU
		{E3585E40-3EFD-4AC8-B921-C2DCA3436491}.Debug|Any CPU.ActiveCfg = Debug|Any CPU
		{E3585E40-3EFD-4AC8-B921-C2DCA3436491}.Debug|Any CPU.Build.0 = Debug|Any CPU
		{E3585E40-3EFD-4AC8-B921-C2DCA3436491}.Release|Any CPU.ActiveCfg = Release|Any CPU
		{E3585E40-3EFD-4AC8-B921-C2DCA3436491}.Release|Any CPU.Build.0 = Release|Any CPU
		{1B0F0FE5-4D1A-4440-81AD-4FBC94B9AADC}.Debug|Any CPU.ActiveCfg = Debug|Any CPU
		{1B0F0FE5-4D1A-4440-81AD-4FBC94B9AADC}.Debug|Any CPU.Build.0 = Debug|Any CPU
		{1B0F0FE5-4D1A-4440-81AD-4FBC94B9AADC}.Release|Any CPU.ActiveCfg = Release|Any CPU
		{1B0F0FE5-4D1A-4440-81AD-4FBC94B9AADC}.Release|Any CPU.Build.0 = Release|Any CPU
		{D867B92B-AC13-4218-99EC-E80B0D770250}.Debug|Any CPU.ActiveCfg = Debug|Any CPU
		{D867B92B-AC13-4218-99EC-E80B0D770250}.Debug|Any CPU.Build.0 = Debug|Any CPU
		{D867B92B-AC13-4218-99EC-E80B0D770250}.Release|Any CPU.ActiveCfg = Release|Any CPU
		{D867B92B-AC13-4218-99EC-E80B0D770250}.Release|Any CPU.Build.0 = Release|Any CPU
		{26E4285F-84DA-46B6-8750-9C01D25FF453}.Debug|Any CPU.ActiveCfg = Debug|Any CPU
		{26E4285F-84DA-46B6-8750-9C01D25FF453}.Debug|Any CPU.Build.0 = Debug|Any CPU
		{26E4285F-84DA-46B6-8750-9C01D25FF453}.Release|Any CPU.ActiveCfg = Release|Any CPU
		{26E4285F-84DA-46B6-8750-9C01D25FF453}.Release|Any CPU.Build.0 = Release|Any CPU
	EndGlobalSection
	GlobalSection(SolutionProperties) = preSolution
		HideSolutionNode = FALSE
	EndGlobalSection
	GlobalSection(NestedProjects) = preSolution
		{B8204E7E-F657-469D-BAAA-E7B85E801485} = {B7FC3187-2637-4E70-A3F5-5A72B24A12D8}
		{E83120C2-2C07-4608-8390-1CB789E365C8} = {B7FC3187-2637-4E70-A3F5-5A72B24A12D8}
		{71AD3E22-C741-440C-BE37-F57637093CAB} = {B7FC3187-2637-4E70-A3F5-5A72B24A12D8}
		{51C59821-D546-4B60-BB41-1D67FDE931A8} = {71AD3E22-C741-440C-BE37-F57637093CAB}
		{E3585E40-3EFD-4AC8-B921-C2DCA3436491} = {71AD3E22-C741-440C-BE37-F57637093CAB}
		{1B0F0FE5-4D1A-4440-81AD-4FBC94B9AADC} = {B7FC3187-2637-4E70-A3F5-5A72B24A12D8}
		{D867B92B-AC13-4218-99EC-E80B0D770250} = {71AD3E22-C741-440C-BE37-F57637093CAB}
		{26E4285F-84DA-46B6-8750-9C01D25FF453} = {71AD3E22-C741-440C-BE37-F57637093CAB}
	EndGlobalSection
	GlobalSection(ExtensibilityGlobals) = postSolution
		SolutionGuid = {54A079AA-39E7-4C67-B83A-5958803C3279}
	EndGlobalSection
EndGlobal
